
Microsoft Visual Studio Solution File, Format Version 12.00
# Visual Studio 14
VisualStudioVersion = 14.0.25420.1
MinimumVisualStudioVersion = 10.0.40219.1
Project("{FAE04EC0-301F-11D3-BF4B-00C04F79EFBC}") = "TDD-Day2-Homework", "TDD-Day2-Homework\TDD-Day2-Homework.csproj", "{30094984-6B59-4663-A879-665A256880A3}"
EndProject
Project("{FAE04EC0-301F-11D3-BF4B-00C04F79EFBC}") = "TDD-Day2-HomeworkTests", "TDD-Day2-HomeworkTests\TDD-Day2-HomeworkTests.csproj", "{AC7D98F6-439F-4D5C-AB81-1C71E3ACA0A2}"
EndProject
Global
	GlobalSection(SolutionConfigurationPlatforms) = preSolution
		Debug|Any CPU = Debug|Any CPU
		Release|Any CPU = Release|Any CPU
	EndGlobalSection
	GlobalSection(ProjectConfigurationPlatforms) = postSolution
		{30094984-6B59-4663-A879-665A256880A3}.Debug|Any CPU.ActiveCfg = Debug|Any CPU
		{30094984-6B59-4663-A879-665A256880A3}.Debug|Any CPU.Build.0 = Debug|Any CPU
		{30094984-6B59-4663-A879-665A256880A3}.Release|Any CPU.ActiveCfg = Release|Any CPU
		{30094984-6B59-4663-A879-665A256880A3}.Release|Any CPU.Build.0 = Release|Any CPU
		{AC7D98F6-439F-4D5C-AB81-1C71E3ACA0A2}.Debug|Any CPU.ActiveCfg = Debug|Any CPU
		{AC7D98F6-439F-4D5C-AB81-1C71E3ACA0A2}.Debug|Any CPU.Build.0 = Debug|Any CPU
		{AC7D98F6-439F-4D5C-AB81-1C71E3ACA0A2}.Release|Any CPU.ActiveCfg = Release|Any CPU
		{AC7D98F6-439F-4D5C-AB81-1C71E3ACA0A2}.Release|Any CPU.Build.0 = Release|Any CPU
	EndGlobalSection
	GlobalSection(SolutionProperties) = preSolution
		HideSolutionNode = FALSE
	EndGlobalSection
EndGlobal
